
Microsoft Visual Studio Solution File, Format Version 12.00
# Visual Studio Version 16
VisualStudioVersion = 16.0.30523.141
MinimumVisualStudioVersion = 10.0.40219.1
Project("{FAE04EC0-301F-11D3-BF4B-00C04F79EFBC}") = "LinqExample", "LinqExample\LinqExample.csproj", "{5FB814E8-221E-4A27-9FC1-CF1C5812DFE6}"
EndProject
Global
	GlobalSection(SolutionConfigurationPlatforms) = preSolution
		Debug|Any CPU = Debug|Any CPU
		Release|Any CPU = Release|Any CPU
	EndGlobalSection
	GlobalSection(ProjectConfigurationPlatforms) = postSolution
		{5FB814E8-221E-4A27-9FC1-CF1C5812DFE6}.Debug|Any CPU.ActiveCfg = Debug|Any CPU
		{5FB814E8-221E-4A27-9FC1-CF1C5812DFE6}.Debug|Any CPU.Build.0 = Debug|Any CPU
		{5FB814E8-221E-4A27-9FC1-CF1C5812DFE6}.Release|Any CPU.ActiveCfg = Release|Any CPU
		{5FB814E8-221E-4A27-9FC1-CF1C5812DFE6}.Release|Any CPU.Build.0 = Release|Any CPU
	EndGlobalSection
	GlobalSection(SolutionProperties) = preSolution
		HideSolutionNode = FALSE
	EndGlobalSection
	GlobalSection(ExtensibilityGlobals) = postSolution
		SolutionGuid = {CA16B4FF-9D40-4E9B-A6C6-86E0AFFDC132}
	EndGlobalSection
EndGlobal
